
Microsoft Visual Studio Solution File, Format Version 12.00
# Visual Studio Version 17
VisualStudioVersion = 17.0.31903.59
MinimumVisualStudioVersion = 10.0.40219.1
Project("{2150E333-8FDC-42A3-9474-1A3956D46DE8}") = "src", "src", "{827E0CD3-B72D-47B6-A68D-7590B98EB39B}"
EndProject
Project("{2150E333-8FDC-42A3-9474-1A3956D46DE8}") = "shared", "shared", "{C8E42992-5E42-0C2B-DBFE-AA848D06431C}"
EndProject
Project("{FAE04EC0-301F-11D3-BF4B-00C04F79EFBC}") = "Babaob.Shared.Core", "src\shared\Babaob.Shared.Core\Babaob.Shared.Core.csproj", "{5FE002D0-3B3F-4DEE-848D-592AA2D1F2BF}"
EndProject
Project("{2150E333-8FDC-42A3-9474-1A3956D46DE8}") = "modules", "modules", "{EC447DCF-ABFA-6E24-52A5-D7FD48A5C558}"
EndProject
Project("{2150E333-8FDC-42A3-9474-1A3956D46DE8}") = "DeviceModule", "DeviceModule", "{EADDB6F2-C4E1-2440-D17D-F50CBCB9D73D}"
EndProject
Project("{FAE04EC0-301F-11D3-BF4B-00C04F79EFBC}") = "Device.Domain", "src\modules\DeviceModule\Device.Domain\Device.Domain.csproj", "{8D78C62E-F025-4E7F-846A-C363B84A0968}"
EndProject
Project("{FAE04EC0-301F-11D3-BF4B-00C04F79EFBC}") = "Babaob.Shared.Infrastructure", "src\shared\Babaob.Shared.Infrastructure\Babaob.Shared.Infrastructure.csproj", "{27D0D01D-0538-49C5-94E0-0FFEAEC14F2C}"
EndProject
Project("{FAE04EC0-301F-11D3-BF4B-00C04F79EFBC}") = "Babaob.Shared.Web", "src\shared\Babaob.Shared.Web\Babaob.Shared.Web.csproj", "{8A024E05-782F-49FF-9705-43C7F0D2F4DA}"
EndProject
Project("{FAE04EC0-301F-11D3-BF4B-00C04F79EFBC}") = "Device.Application", "src\modules\DeviceModule\Device.Application\Device.Application.csproj", "{AFC7C571-80D1-4798-A921-D89FDA6243FC}"
EndProject
Project("{FAE04EC0-301F-11D3-BF4B-00C04F79EFBC}") = "Device.HttpApi", "src\modules\DeviceModule\Device.HttpApi\Device.HttpApi.csproj", "{DBBA75A3-C6FF-4D9C-AC10-230F320555C7}"
EndProject
Project("{2150E333-8FDC-42A3-9474-1A3956D46DE8}") = "MesModule", "MesModule", "{7E21531A-F1B8-2A9C-41A5-6EEC9E9510CE}"
EndProject
Project("{FAE04EC0-301F-11D3-BF4B-00C04F79EFBC}") = "Mes.Domain", "src\modules\MesModule\Mes.Domain\Mes.Domain.csproj", "{E5B25D1F-5FF0-48E5-B09A-B7C2628A9CEB}"
EndProject
Project("{FAE04EC0-301F-11D3-BF4B-00C04F79EFBC}") = "Mes.Application", "src\modules\MesModule\Mes.Application\Mes.Application.csproj", "{ABA00904-C8F0-45EB-AC21-BD1DE1B459C9}"
EndProject
Project("{FAE04EC0-301F-11D3-BF4B-00C04F79EFBC}") = "Mes.HttpApi", "src\modules\MesModule\Mes.HttpApi\Mes.HttpApi.csproj", "{D449ECCB-51CA-4583-9ED1-CB5670CAFD8F}"
EndProject
Project("{2150E333-8FDC-42A3-9474-1A3956D46DE8}") = "services", "services", "{984BB9B3-3FA3-BE33-9484-CAC21695A33C}"
EndProject
Project("{2150E333-8FDC-42A3-9474-1A3956D46DE8}") = "IdentityService", "IdentityService", "{3D2E8631-8982-4CD8-85A8-437089729894}"
EndProject
Project("{FAE04EC0-301F-11D3-BF4B-00C04F79EFBC}") = "Babaob.Identity.Application", "src\services\IdentityService\Babaob.Identity.Application\Babaob.Identity.Application.csproj", "{98E07603-FA12-439A-9730-53B6CB863B92}"
EndProject
Project("{FAE04EC0-301F-11D3-BF4B-00C04F79EFBC}") = "Babaob.Identity.Host", "src\services\IdentityService\Babaob.Identity.Host\Babaob.Identity.Host.csproj", "{3E8DC871-0D47-46F8-AA47-5213D33FB570}"
EndProject
Project("{2150E333-8FDC-42A3-9474-1A3956D46DE8}") = "DataCollectorService", "DataCollectorService", "{D8C0A1F2-35DD-3BE9-B586-EEB39A7F62DB}"
EndProject
Project("{FAE04EC0-301F-11D3-BF4B-00C04F79EFBC}") = "Babaob.DataCollector.Application", "src\services\DataCollectorService\Babaob.DataCollector.Application\Babaob.DataCollector.Application.csproj", "{DB0D8BD7-6D1E-43A1-8062-8B89152E0B7E}"
EndProject
Project("{FAE04EC0-301F-11D3-BF4B-00C04F79EFBC}") = "Babaob.DataCollector.Host", "src\services\DataCollectorService\Babaob.DataCollector.Host\Babaob.DataCollector.Host.csproj", "{2E22D53F-BF3A-4793-98C2-CC2B4150102F}"
EndProject
Project("{2150E333-8FDC-42A3-9474-1A3956D46DE8}") = "gateways", "gateways", "{CBE535C5-B51A-60E9-4D99-AC1BFAA908A1}"
EndProject
Project("{FAE04EC0-301F-11D3-BF4B-00C04F79EFBC}") = "Babaob.Gateway", "src\gateways\Babaob.Gateway\Babaob.Gateway.csproj", "{0B5D3108-DC6B-4D45-B0FB-FB86A4FB46B5}"
EndProject
Project("{2150E333-8FDC-42A3-9474-1A3956D46DE8}") = "test", "test", "{0C88DD14-F956-CE84-757C-A364CCF449FC}"
EndProject
Project("{FAE04EC0-301F-11D3-BF4B-00C04F79EFBC}") = "Babaob.UnitTests", "test\Babaob.UnitTests\Babaob.UnitTests.csproj", "{4E76B09C-82CD-4132-8CD5-DFF25CB62207}"
EndProject
Project("{FAE04EC0-301F-11D3-BF4B-00C04F79EFBC}") = "Babaob.IntegrationTests", "test\Babaob.IntegrationTests\Babaob.IntegrationTests.csproj", "{CB0EFE0D-9C43-4931-97FB-145A7FCCAE47}"
EndProject
Project("{FAE04EC0-301F-11D3-BF4B-00C04F79EFBC}") = "Babaob.E2ETests", "test\Babaob.E2ETests\Babaob.E2ETests.csproj", "{56E3D39F-E20E-457E-A867-0CD92448EEEB}"
EndProject
Project("{2150E333-8FDC-42A3-9474-1A3956D46DE8}") = "tools", "tools", "{DCB6FCB8-FF92-AC57-0842-1F72A354D6B1}"
EndProject
Project("{2150E333-8FDC-42A3-9474-1A3956D46DE8}") = "DeviceSimulator", "DeviceSimulator", "{27CDF0CE-3479-921D-540B-CCD94BF67A57}"
EndProject
Project("{FAE04EC0-301F-11D3-BF4B-00C04F79EFBC}") = "DeviceSimulator", "src\tools\DeviceSimulator\DeviceSimulator\DeviceSimulator.csproj", "{B98269C7-826E-41D6-BB00-14712FE8E870}"
EndProject
Global
	GlobalSection(SolutionConfigurationPlatforms) = preSolution
		Debug|Any CPU = Debug|Any CPU
		Debug|x64 = Debug|x64
		Debug|x86 = Debug|x86
		Release|Any CPU = Release|Any CPU
		Release|x64 = Release|x64
		Release|x86 = Release|x86
	EndGlobalSection
	GlobalSection(ProjectConfigurationPlatforms) = postSolution
		{5FE002D0-3B3F-4DEE-848D-592AA2D1F2BF}.Debug|Any CPU.ActiveCfg = Debug|Any CPU
		{5FE002D0-3B3F-4DEE-848D-592AA2D1F2BF}.Debug|Any CPU.Build.0 = Debug|Any CPU
		{5FE002D0-3B3F-4DEE-848D-592AA2D1F2BF}.Debug|x64.ActiveCfg = Debug|Any CPU
		{5FE002D0-3B3F-4DEE-848D-592AA2D1F2BF}.Debug|x64.Build.0 = Debug|Any CPU
		{5FE002D0-3B3F-4DEE-848D-592AA2D1F2BF}.Debug|x86.ActiveCfg = Debug|Any CPU
		{5FE002D0-3B3F-4DEE-848D-592AA2D1F2BF}.Debug|x86.Build.0 = Debug|Any CPU
		{5FE002D0-3B3F-4DEE-848D-592AA2D1F2BF}.Release|Any CPU.ActiveCfg = Release|Any CPU
		{5FE002D0-3B3F-4DEE-848D-592AA2D1F2BF}.Release|Any CPU.Build.0 = Release|Any CPU
		{5FE002D0-3B3F-4DEE-848D-592AA2D1F2BF}.Release|x64.ActiveCfg = Release|Any CPU
		{5FE002D0-3B3F-4DEE-848D-592AA2D1F2BF}.Release|x64.Build.0 = Release|Any CPU
		{5FE002D0-3B3F-4DEE-848D-592AA2D1F2BF}.Release|x86.ActiveCfg = Release|Any CPU
		{5FE002D0-3B3F-4DEE-848D-592AA2D1F2BF}.Release|x86.Build.0 = Release|Any CPU
		{8D78C62E-F025-4E7F-846A-C363B84A0968}.Debug|Any CPU.ActiveCfg = Debug|Any CPU
		{8D78C62E-F025-4E7F-846A-C363B84A0968}.Debug|Any CPU.Build.0 = Debug|Any CPU
		{8D78C62E-F025-4E7F-846A-C363B84A0968}.Debug|x64.ActiveCfg = Debug|Any CPU
		{8D78C62E-F025-4E7F-846A-C363B84A0968}.Debug|x64.Build.0 = Debug|Any CPU
		{8D78C62E-F025-4E7F-846A-C363B84A0968}.Debug|x86.ActiveCfg = Debug|Any CPU
		{8D78C62E-F025-4E7F-846A-C363B84A0968}.Debug|x86.Build.0 = Debug|Any CPU
		{8D78C62E-F025-4E7F-846A-C363B84A0968}.Release|Any CPU.ActiveCfg = Release|Any CPU
		{8D78C62E-F025-4E7F-846A-C363B84A0968}.Release|Any CPU.Build.0 = Release|Any CPU
		{8D78C62E-F025-4E7F-846A-C363B84A0968}.Release|x64.ActiveCfg = Release|Any CPU
		{8D78C62E-F025-4E7F-846A-C363B84A0968}.Release|x64.Build.0 = Release|Any CPU
		{8D78C62E-F025-4E7F-846A-C363B84A0968}.Release|x86.ActiveCfg = Release|Any CPU
		{8D78C62E-F025-4E7F-846A-C363B84A0968}.Release|x86.Build.0 = Release|Any CPU
		{27D0D01D-0538-49C5-94E0-0FFEAEC14F2C}.Debug|Any CPU.ActiveCfg = Debug|Any CPU
		{27D0D01D-0538-49C5-94E0-0FFEAEC14F2C}.Debug|Any CPU.Build.0 = Debug|Any CPU
		{27D0D01D-0538-49C5-94E0-0FFEAEC14F2C}.Debug|x64.ActiveCfg = Debug|Any CPU
		{27D0D01D-0538-49C5-94E0-0FFEAEC14F2C}.Debug|x64.Build.0 = Debug|Any CPU
		{27D0D01D-0538-49C5-94E0-0FFEAEC14F2C}.Debug|x86.ActiveCfg = Debug|Any CPU
		{27D0D01D-0538-49C5-94E0-0FFEAEC14F2C}.Debug|x86.Build.0 = Debug|Any CPU
		{27D0D01D-0538-49C5-94E0-0FFEAEC14F2C}.Release|Any CPU.ActiveCfg = Release|Any CPU
		{27D0D01D-0538-49C5-94E0-0FFEAEC14F2C}.Release|Any CPU.Build.0 = Release|Any CPU
		{27D0D01D-0538-49C5-94E0-0FFEAEC14F2C}.Release|x64.ActiveCfg = Release|Any CPU
		{27D0D01D-0538-49C5-94E0-0FFEAEC14F2C}.Release|x64.Build.0 = Release|Any CPU
		{27D0D01D-0538-49C5-94E0-0FFEAEC14F2C}.Release|x86.ActiveCfg = Release|Any CPU
		{27D0D01D-0538-49C5-94E0-0FFEAEC14F2C}.Release|x86.Build.0 = Release|Any CPU
		{8A024E05-782F-49FF-9705-43C7F0D2F4DA}.Debug|Any CPU.ActiveCfg = Debug|Any CPU
		{8A024E05-782F-49FF-9705-43C7F0D2F4DA}.Debug|Any CPU.Build.0 = Debug|Any CPU
		{8A024E05-782F-49FF-9705-43C7F0D2F4DA}.Debug|x64.ActiveCfg = Debug|Any CPU
		{8A024E05-782F-49FF-9705-43C7F0D2F4DA}.Debug|x64.Build.0 = Debug|Any CPU
		{8A024E05-782F-49FF-9705-43C7F0D2F4DA}.Debug|x86.ActiveCfg = Debug|Any CPU
		{8A024E05-782F-49FF-9705-43C7F0D2F4DA}.Debug|x86.Build.0 = Debug|Any CPU
		{8A024E05-782F-49FF-9705-43C7F0D2F4DA}.Release|Any CPU.ActiveCfg = Release|Any CPU
		{8A024E05-782F-49FF-9705-43C7F0D2F4DA}.Release|Any CPU.Build.0 = Release|Any CPU
		{8A024E05-782F-49FF-9705-43C7F0D2F4DA}.Release|x64.ActiveCfg = Release|Any CPU
		{8A024E05-782F-49FF-9705-43C7F0D2F4DA}.Release|x64.Build.0 = Release|Any CPU
		{8A024E05-782F-49FF-9705-43C7F0D2F4DA}.Release|x86.ActiveCfg = Release|Any CPU
		{8A024E05-782F-49FF-9705-43C7F0D2F4DA}.Release|x86.Build.0 = Release|Any CPU
		{AFC7C571-80D1-4798-A921-D89FDA6243FC}.Debug|Any CPU.ActiveCfg = Debug|Any CPU
		{AFC7C571-80D1-4798-A921-D89FDA6243FC}.Debug|Any CPU.Build.0 = Debug|Any CPU
		{AFC7C571-80D1-4798-A921-D89FDA6243FC}.Debug|x64.ActiveCfg = Debug|Any CPU
		{AFC7C571-80D1-4798-A921-D89FDA6243FC}.Debug|x64.Build.0 = Debug|Any CPU
		{AFC7C571-80D1-4798-A921-D89FDA6243FC}.Debug|x86.ActiveCfg = Debug|Any CPU
		{AFC7C571-80D1-4798-A921-D89FDA6243FC}.Debug|x86.Build.0 = Debug|Any CPU
		{AFC7C571-80D1-4798-A921-D89FDA6243FC}.Release|Any CPU.ActiveCfg = Release|Any CPU
		{AFC7C571-80D1-4798-A921-D89FDA6243FC}.Release|Any CPU.Build.0 = Release|Any CPU
		{AFC7C571-80D1-4798-A921-D89FDA6243FC}.Release|x64.ActiveCfg = Release|Any CPU
		{AFC7C571-80D1-4798-A921-D89FDA6243FC}.Release|x64.Build.0 = Release|Any CPU
		{AFC7C571-80D1-4798-A921-D89FDA6243FC}.Release|x86.ActiveCfg = Release|Any CPU
		{AFC7C571-80D1-4798-A921-D89FDA6243FC}.Release|x86.Build.0 = Release|Any CPU
		{DBBA75A3-C6FF-4D9C-AC10-230F320555C7}.Debug|Any CPU.ActiveCfg = Debug|Any CPU
		{DBBA75A3-C6FF-4D9C-AC10-230F320555C7}.Debug|Any CPU.Build.0 = Debug|Any CPU
		{DBBA75A3-C6FF-4D9C-AC10-230F320555C7}.Debug|x64.ActiveCfg = Debug|Any CPU
		{DBBA75A3-C6FF-4D9C-AC10-230F320555C7}.Debug|x64.Build.0 = Debug|Any CPU
		{DBBA75A3-C6FF-4D9C-AC10-230F320555C7}.Debug|x86.ActiveCfg = Debug|Any CPU
		{DBBA75A3-C6FF-4D9C-AC10-230F320555C7}.Debug|x86.Build.0 = Debug|Any CPU
		{DBBA75A3-C6FF-4D9C-AC10-230F320555C7}.Release|Any CPU.ActiveCfg = Release|Any CPU
		{DBBA75A3-C6FF-4D9C-AC10-230F320555C7}.Release|Any CPU.Build.0 = Release|Any CPU
		{DBBA75A3-C6FF-4D9C-AC10-230F320555C7}.Release|x64.ActiveCfg = Release|Any CPU
		{DBBA75A3-C6FF-4D9C-AC10-230F320555C7}.Release|x64.Build.0 = Release|Any CPU
		{DBBA75A3-C6FF-4D9C-AC10-230F320555C7}.Release|x86.ActiveCfg = Release|Any CPU
		{DBBA75A3-C6FF-4D9C-AC10-230F320555C7}.Release|x86.Build.0 = Release|Any CPU
		{E5B25D1F-5FF0-48E5-B09A-B7C2628A9CEB}.Debug|Any CPU.ActiveCfg = Debug|Any CPU
		{E5B25D1F-5FF0-48E5-B09A-B7C2628A9CEB}.Debug|Any CPU.Build.0 = Debug|Any CPU
		{E5B25D1F-5FF0-48E5-B09A-B7C2628A9CEB}.Debug|x64.ActiveCfg = Debug|Any CPU
		{E5B25D1F-5FF0-48E5-B09A-B7C2628A9CEB}.Debug|x64.Build.0 = Debug|Any CPU
		{E5B25D1F-5FF0-48E5-B09A-B7C2628A9CEB}.Debug|x86.ActiveCfg = Debug|Any CPU
		{E5B25D1F-5FF0-48E5-B09A-B7C2628A9CEB}.Debug|x86.Build.0 = Debug|Any CPU
		{E5B25D1F-5FF0-48E5-B09A-B7C2628A9CEB}.Release|Any CPU.ActiveCfg = Release|Any CPU
		{E5B25D1F-5FF0-48E5-B09A-B7C2628A9CEB}.Release|Any CPU.Build.0 = Release|Any CPU
		{E5B25D1F-5FF0-48E5-B09A-B7C2628A9CEB}.Release|x64.ActiveCfg = Release|Any CPU
		{E5B25D1F-5FF0-48E5-B09A-B7C2628A9CEB}.Release|x64.Build.0 = Release|Any CPU
		{E5B25D1F-5FF0-48E5-B09A-B7C2628A9CEB}.Release|x86.ActiveCfg = Release|Any CPU
		{E5B25D1F-5FF0-48E5-B09A-B7C2628A9CEB}.Release|x86.Build.0 = Release|Any CPU
		{ABA00904-C8F0-45EB-AC21-BD1DE1B459C9}.Debug|Any CPU.ActiveCfg = Debug|Any CPU
		{ABA00904-C8F0-45EB-AC21-BD1DE1B459C9}.Debug|Any CPU.Build.0 = Debug|Any CPU
		{ABA00904-C8F0-45EB-AC21-BD1DE1B459C9}.Debug|x64.ActiveCfg = Debug|Any CPU
		{ABA00904-C8F0-45EB-AC21-BD1DE1B459C9}.Debug|x64.Build.0 = Debug|Any CPU
		{ABA00904-C8F0-45EB-AC21-BD1DE1B459C9}.Debug|x86.ActiveCfg = Debug|Any CPU
		{ABA00904-C8F0-45EB-AC21-BD1DE1B459C9}.Debug|x86.Build.0 = Debug|Any CPU
		{ABA00904-C8F0-45EB-AC21-BD1DE1B459C9}.Release|Any CPU.ActiveCfg = Release|Any CPU
		{ABA00904-C8F0-45EB-AC21-BD1DE1B459C9}.Release|Any CPU.Build.0 = Release|Any CPU
		{ABA00904-C8F0-45EB-AC21-BD1DE1B459C9}.Release|x64.ActiveCfg = Release|Any CPU
		{ABA00904-C8F0-45EB-AC21-BD1DE1B459C9}.Release|x64.Build.0 = Release|Any CPU
		{ABA00904-C8F0-45EB-AC21-BD1DE1B459C9}.Release|x86.ActiveCfg = Release|Any CPU
		{ABA00904-C8F0-45EB-AC21-BD1DE1B459C9}.Release|x86.Build.0 = Release|Any CPU
		{D449ECCB-51CA-4583-9ED1-CB5670CAFD8F}.Debug|Any CPU.ActiveCfg = Debug|Any CPU
		{D449ECCB-51CA-4583-9ED1-CB5670CAFD8F}.Debug|Any CPU.Build.0 = Debug|Any CPU
		{D449ECCB-51CA-4583-9ED1-CB5670CAFD8F}.Debug|x64.ActiveCfg = Debug|Any CPU
		{D449ECCB-51CA-4583-9ED1-CB5670CAFD8F}.Debug|x64.Build.0 = Debug|Any CPU
		{D449ECCB-51CA-4583-9ED1-CB5670CAFD8F}.Debug|x86.ActiveCfg = Debug|Any CPU
		{D449ECCB-51CA-4583-9ED1-CB5670CAFD8F}.Debug|x86.Build.0 = Debug|Any CPU
		{D449ECCB-51CA-4583-9ED1-CB5670CAFD8F}.Release|Any CPU.ActiveCfg = Release|Any CPU
		{D449ECCB-51CA-4583-9ED1-CB5670CAFD8F}.Release|Any CPU.Build.0 = Release|Any CPU
		{D449ECCB-51CA-4583-9ED1-CB5670CAFD8F}.Release|x64.ActiveCfg = Release|Any CPU
		{D449ECCB-51CA-4583-9ED1-CB5670CAFD8F}.Release|x64.Build.0 = Release|Any CPU
		{D449ECCB-51CA-4583-9ED1-CB5670CAFD8F}.Release|x86.ActiveCfg = Release|Any CPU
		{D449ECCB-51CA-4583-9ED1-CB5670CAFD8F}.Release|x86.Build.0 = Release|Any CPU
		{98E07603-FA12-439A-9730-53B6CB863B92}.Debug|Any CPU.ActiveCfg = Debug|Any CPU
		{98E07603-FA12-439A-9730-53B6CB863B92}.Debug|Any CPU.Build.0 = Debug|Any CPU
		{98E07603-FA12-439A-9730-53B6CB863B92}.Debug|x64.ActiveCfg = Debug|Any CPU
		{98E07603-FA12-439A-9730-53B6CB863B92}.Debug|x64.Build.0 = Debug|Any CPU
		{98E07603-FA12-439A-9730-53B6CB863B92}.Debug|x86.ActiveCfg = Debug|Any CPU
		{98E07603-FA12-439A-9730-53B6CB863B92}.Debug|x86.Build.0 = Debug|Any CPU
		{98E07603-FA12-439A-9730-53B6CB863B92}.Release|Any CPU.ActiveCfg = Release|Any CPU
		{98E07603-FA12-439A-9730-53B6CB863B92}.Release|Any CPU.Build.0 = Release|Any CPU
		{98E07603-FA12-439A-9730-53B6CB863B92}.Release|x64.ActiveCfg = Release|Any CPU
		{98E07603-FA12-439A-9730-53B6CB863B92}.Release|x64.Build.0 = Release|Any CPU
		{98E07603-FA12-439A-9730-53B6CB863B92}.Release|x86.ActiveCfg = Release|Any CPU
		{98E07603-FA12-439A-9730-53B6CB863B92}.Release|x86.Build.0 = Release|Any CPU
		{3E8DC871-0D47-46F8-AA47-5213D33FB570}.Debug|Any CPU.ActiveCfg = Debug|Any CPU
		{3E8DC871-0D47-46F8-AA47-5213D33FB570}.Debug|Any CPU.Build.0 = Debug|Any CPU
		{3E8DC871-0D47-46F8-AA47-5213D33FB570}.Debug|x64.ActiveCfg = Debug|Any CPU
		{3E8DC871-0D47-46F8-AA47-5213D33FB570}.Debug|x64.Build.0 = Debug|Any CPU
		{3E8DC871-0D47-46F8-AA47-5213D33FB570}.Debug|x86.ActiveCfg = Debug|Any CPU
		{3E8DC871-0D47-46F8-AA47-5213D33FB570}.Debug|x86.Build.0 = Debug|Any CPU
		{3E8DC871-0D47-46F8-AA47-5213D33FB570}.Release|Any CPU.ActiveCfg = Release|Any CPU
		{3E8DC871-0D47-46F8-AA47-5213D33FB570}.Release|Any CPU.Build.0 = Release|Any CPU
		{3E8DC871-0D47-46F8-AA47-5213D33FB570}.Release|x64.ActiveCfg = Release|Any CPU
		{3E8DC871-0D47-46F8-AA47-5213D33FB570}.Release|x64.Build.0 = Release|Any CPU
		{3E8DC871-0D47-46F8-AA47-5213D33FB570}.Release|x86.ActiveCfg = Release|Any CPU
		{3E8DC871-0D47-46F8-AA47-5213D33FB570}.Release|x86.Build.0 = Release|Any CPU
		{DB0D8BD7-6D1E-43A1-8062-8B89152E0B7E}.Debug|Any CPU.ActiveCfg = Debug|Any CPU
		{DB0D8BD7-6D1E-43A1-8062-8B89152E0B7E}.Debug|Any CPU.Build.0 = Debug|Any CPU
		{DB0D8BD7-6D1E-43A1-8062-8B89152E0B7E}.Debug|x64.ActiveCfg = Debug|Any CPU
		{DB0D8BD7-6D1E-43A1-8062-8B89152E0B7E}.Debug|x64.Build.0 = Debug|Any CPU
		{DB0D8BD7-6D1E-43A1-8062-8B89152E0B7E}.Debug|x86.ActiveCfg = Debug|Any CPU
		{DB0D8BD7-6D1E-43A1-8062-8B89152E0B7E}.Debug|x86.Build.0 = Debug|Any CPU
		{DB0D8BD7-6D1E-43A1-8062-8B89152E0B7E}.Release|Any CPU.ActiveCfg = Release|Any CPU
		{DB0D8BD7-6D1E-43A1-8062-8B89152E0B7E}.Release|Any CPU.Build.0 = Release|Any CPU
		{DB0D8BD7-6D1E-43A1-8062-8B89152E0B7E}.Release|x64.ActiveCfg = Release|Any CPU
		{DB0D8BD7-6D1E-43A1-8062-8B89152E0B7E}.Release|x64.Build.0 = Release|Any CPU
		{DB0D8BD7-6D1E-43A1-8062-8B89152E0B7E}.Release|x86.ActiveCfg = Release|Any CPU
		{DB0D8BD7-6D1E-43A1-8062-8B89152E0B7E}.Release|x86.Build.0 = Release|Any CPU
		{2E22D53F-BF3A-4793-98C2-CC2B4150102F}.Debug|Any CPU.ActiveCfg = Debug|Any CPU
		{2E22D53F-BF3A-4793-98C2-CC2B4150102F}.Debug|Any CPU.Build.0 = Debug|Any CPU
		{2E22D53F-BF3A-4793-98C2-CC2B4150102F}.Debug|x64.ActiveCfg = Debug|Any CPU
		{2E22D53F-BF3A-4793-98C2-CC2B4150102F}.Debug|x64.Build.0 = Debug|Any CPU
		{2E22D53F-BF3A-4793-98C2-CC2B4150102F}.Debug|x86.ActiveCfg = Debug|Any CPU
		{2E22D53F-BF3A-4793-98C2-CC2B4150102F}.Debug|x86.Build.0 = Debug|Any CPU
		{2E22D53F-BF3A-4793-98C2-CC2B4150102F}.Release|Any CPU.ActiveCfg = Release|Any CPU
		{2E22D53F-BF3A-4793-98C2-CC2B4150102F}.Release|Any CPU.Build.0 = Release|Any CPU
		{2E22D53F-BF3A-4793-98C2-CC2B4150102F}.Release|x64.ActiveCfg = Release|Any CPU
		{2E22D53F-BF3A-4793-98C2-CC2B4150102F}.Release|x64.Build.0 = Release|Any CPU
		{2E22D53F-BF3A-4793-98C2-CC2B4150102F}.Release|x86.ActiveCfg = Release|Any CPU
		{2E22D53F-BF3A-4793-98C2-CC2B4150102F}.Release|x86.Build.0 = Release|Any CPU
		{0B5D3108-DC6B-4D45-B0FB-FB86A4FB46B5}.Debug|Any CPU.ActiveCfg = Debug|Any CPU
		{0B5D3108-DC6B-4D45-B0FB-FB86A4FB46B5}.Debug|Any CPU.Build.0 = Debug|Any CPU
		{0B5D3108-DC6B-4D45-B0FB-FB86A4FB46B5}.Debug|x64.ActiveCfg = Debug|Any CPU
		{0B5D3108-DC6B-4D45-B0FB-FB86A4FB46B5}.Debug|x64.Build.0 = Debug|Any CPU
		{0B5D3108-DC6B-4D45-B0FB-FB86A4FB46B5}.Debug|x86.ActiveCfg = Debug|Any CPU
		{0B5D3108-DC6B-4D45-B0FB-FB86A4FB46B5}.Debug|x86.Build.0 = Debug|Any CPU
		{0B5D3108-DC6B-4D45-B0FB-FB86A4FB46B5}.Release|Any CPU.ActiveCfg = Release|Any CPU
		{0B5D3108-DC6B-4D45-B0FB-FB86A4FB46B5}.Release|Any CPU.Build.0 = Release|Any CPU
		{0B5D3108-DC6B-4D45-B0FB-FB86A4FB46B5}.Release|x64.ActiveCfg = Release|Any CPU
		{0B5D3108-DC6B-4D45-B0FB-FB86A4FB46B5}.Release|x64.Build.0 = Release|Any CPU
		{0B5D3108-DC6B-4D45-B0FB-FB86A4FB46B5}.Release|x86.ActiveCfg = Release|Any CPU
		{0B5D3108-DC6B-4D45-B0FB-FB86A4FB46B5}.Release|x86.Build.0 = Release|Any CPU
		{4E76B09C-82CD-4132-8CD5-DFF25CB62207}.Debug|Any CPU.ActiveCfg = Debug|Any CPU
		{4E76B09C-82CD-4132-8CD5-DFF25CB62207}.Debug|Any CPU.Build.0 = Debug|Any CPU
		{4E76B09C-82CD-4132-8CD5-DFF25CB62207}.Debug|x64.ActiveCfg = Debug|Any CPU
		{4E76B09C-82CD-4132-8CD5-DFF25CB62207}.Debug|x64.Build.0 = Debug|Any CPU
		{4E76B09C-82CD-4132-8CD5-DFF25CB62207}.Debug|x86.ActiveCfg = Debug|Any CPU
		{4E76B09C-82CD-4132-8CD5-DFF25CB62207}.Debug|x86.Build.0 = Debug|Any CPU
		{4E76B09C-82CD-4132-8CD5-DFF25CB62207}.Release|Any CPU.ActiveCfg = Release|Any CPU
		{4E76B09C-82CD-4132-8CD5-DFF25CB62207}.Release|Any CPU.Build.0 = Release|Any CPU
		{4E76B09C-82CD-4132-8CD5-DFF25CB62207}.Release|x64.ActiveCfg = Release|Any CPU
		{4E76B09C-82CD-4132-8CD5-DFF25CB62207}.Release|x64.Build.0 = Release|Any CPU
		{4E76B09C-82CD-4132-8CD5-DFF25CB62207}.Release|x86.ActiveCfg = Release|Any CPU
		{4E76B09C-82CD-4132-8CD5-DFF25CB62207}.Release|x86.Build.0 = Release|Any CPU
		{CB0EFE0D-9C43-4931-97FB-145A7FCCAE47}.Debug|Any CPU.ActiveCfg = Debug|Any CPU
		{CB0EFE0D-9C43-4931-97FB-145A7FCCAE47}.Debug|Any CPU.Build.0 = Debug|Any CPU
		{CB0EFE0D-9C43-4931-97FB-145A7FCCAE47}.Debug|x64.ActiveCfg = Debug|Any CPU
		{CB0EFE0D-9C43-4931-97FB-145A7FCCAE47}.Debug|x64.Build.0 = Debug|Any CPU
		{CB0EFE0D-9C43-4931-97FB-145A7FCCAE47}.Debug|x86.ActiveCfg = Debug|Any CPU
		{CB0EFE0D-9C43-4931-97FB-145A7FCCAE47}.Debug|x86.Build.0 = Debug|Any CPU
		{CB0EFE0D-9C43-4931-97FB-145A7FCCAE47}.Release|Any CPU.ActiveCfg = Release|Any CPU
		{CB0EFE0D-9C43-4931-97FB-145A7FCCAE47}.Release|Any CPU.Build.0 = Release|Any CPU
		{CB0EFE0D-9C43-4931-97FB-145A7FCCAE47}.Release|x64.ActiveCfg = Release|Any CPU
		{CB0EFE0D-9C43-4931-97FB-145A7FCCAE47}.Release|x64.Build.0 = Release|Any CPU
		{CB0EFE0D-9C43-4931-97FB-145A7FCCAE47}.Release|x86.ActiveCfg = Release|Any CPU
		{CB0EFE0D-9C43-4931-97FB-145A7FCCAE47}.Release|x86.Build.0 = Release|Any CPU
		{56E3D39F-E20E-457E-A867-0CD92448EEEB}.Debug|Any CPU.ActiveCfg = Debug|Any CPU
		{56E3D39F-E20E-457E-A867-0CD92448EEEB}.Debug|Any CPU.Build.0 = Debug|Any CPU
		{56E3D39F-E20E-457E-A867-0CD92448EEEB}.Debug|x64.ActiveCfg = Debug|Any CPU
		{56E3D39F-E20E-457E-A867-0CD92448EEEB}.Debug|x64.Build.0 = Debug|Any CPU
		{56E3D39F-E20E-457E-A867-0CD92448EEEB}.Debug|x86.ActiveCfg = Debug|Any CPU
		{56E3D39F-E20E-457E-A867-0CD92448EEEB}.Debug|x86.Build.0 = Debug|Any CPU
		{56E3D39F-E20E-457E-A867-0CD92448EEEB}.Release|Any CPU.ActiveCfg = Release|Any CPU
		{56E3D39F-E20E-457E-A867-0CD92448EEEB}.Release|Any CPU.Build.0 = Release|Any CPU
		{56E3D39F-E20E-457E-A867-0CD92448EEEB}.Release|x64.ActiveCfg = Release|Any CPU
		{56E3D39F-E20E-457E-A867-0CD92448EEEB}.Release|x64.Build.0 = Release|Any CPU
		{56E3D39F-E20E-457E-A867-0CD92448EEEB}.Release|x86.ActiveCfg = Release|Any CPU
		{56E3D39F-E20E-457E-A867-0CD92448EEEB}.Release|x86.Build.0 = Release|Any CPU
		{B98269C7-826E-41D6-BB00-14712FE8E870}.Debug|Any CPU.ActiveCfg = Debug|Any CPU
		{B98269C7-826E-41D6-BB00-14712FE8E870}.Debug|Any CPU.Build.0 = Debug|Any CPU
		{B98269C7-826E-41D6-BB00-14712FE8E870}.Debug|x64.ActiveCfg = Debug|Any CPU
		{B98269C7-826E-41D6-BB00-14712FE8E870}.Debug|x64.Build.0 = Debug|Any CPU
		{B98269C7-826E-41D6-BB00-14712FE8E870}.Debug|x86.ActiveCfg = Debug|Any CPU
		{B98269C7-826E-41D6-BB00-14712FE8E870}.Debug|x86.Build.0 = Debug|Any CPU
		{B98269C7-826E-41D6-BB00-14712FE8E870}.Release|Any CPU.ActiveCfg = Release|Any CPU
		{B98269C7-826E-41D6-BB00-14712FE8E870}.Release|Any CPU.Build.0 = Release|Any CPU
		{B98269C7-826E-41D6-BB00-14712FE8E870}.Release|x64.ActiveCfg = Release|Any CPU
		{B98269C7-826E-41D6-BB00-14712FE8E870}.Release|x64.Build.0 = Release|Any CPU
		{B98269C7-826E-41D6-BB00-14712FE8E870}.Release|x86.ActiveCfg = Release|Any CPU
		{B98269C7-826E-41D6-BB00-14712FE8E870}.Release|x86.Build.0 = Release|Any CPU
	EndGlobalSection
	GlobalSection(SolutionProperties) = preSolution
		HideSolutionNode = FALSE
	EndGlobalSection
	GlobalSection(NestedProjects) = preSolution
		{C8E42992-5E42-0C2B-DBFE-AA848D06431C} = {827E0CD3-B72D-47B6-A68D-7590B98EB39B}
		{5FE002D0-3B3F-4DEE-848D-592AA2D1F2BF} = {C8E42992-5E42-0C2B-DBFE-AA848D06431C}
		{EC447DCF-ABFA-6E24-52A5-D7FD48A5C558} = {827E0CD3-B72D-47B6-A68D-7590B98EB39B}
		{EADDB6F2-C4E1-2440-D17D-F50CBCB9D73D} = {EC447DCF-ABFA-6E24-52A5-D7FD48A5C558}
		{8D78C62E-F025-4E7F-846A-C363B84A0968} = {EADDB6F2-C4E1-2440-D17D-F50CBCB9D73D}
		{27D0D01D-0538-49C5-94E0-0FFEAEC14F2C} = {C8E42992-5E42-0C2B-DBFE-AA848D06431C}
		{8A024E05-782F-49FF-9705-43C7F0D2F4DA} = {C8E42992-5E42-0C2B-DBFE-AA848D06431C}
		{AFC7C571-80D1-4798-A921-D89FDA6243FC} = {EADDB6F2-C4E1-2440-D17D-F50CBCB9D73D}
		{DBBA75A3-C6FF-4D9C-AC10-230F320555C7} = {EADDB6F2-C4E1-2440-D17D-F50CBCB9D73D}
		{7E21531A-F1B8-2A9C-41A5-6EEC9E9510CE} = {EC447DCF-ABFA-6E24-52A5-D7FD48A5C558}
		{E5B25D1F-5FF0-48E5-B09A-B7C2628A9CEB} = {7E21531A-F1B8-2A9C-41A5-6EEC9E9510CE}
		{ABA00904-C8F0-45EB-AC21-BD1DE1B459C9} = {7E21531A-F1B8-2A9C-41A5-6EEC9E9510CE}
		{D449ECCB-51CA-4583-9ED1-CB5670CAFD8F} = {7E21531A-F1B8-2A9C-41A5-6EEC9E9510CE}
		{984BB9B3-3FA3-BE33-9484-CAC21695A33C} = {827E0CD3-B72D-47B6-A68D-7590B98EB39B}
		{3D2E8631-8982-4CD8-85A8-437089729894} = {984BB9B3-3FA3-BE33-9484-CAC21695A33C}
		{98E07603-FA12-439A-9730-53B6CB863B92} = {3D2E8631-8982-4CD8-85A8-437089729894}
		{3E8DC871-0D47-46F8-AA47-5213D33FB570} = {3D2E8631-8982-4CD8-85A8-437089729894}
		{D8C0A1F2-35DD-3BE9-B586-EEB39A7F62DB} = {984BB9B3-3FA3-BE33-9484-CAC21695A33C}
		{DB0D8BD7-6D1E-43A1-8062-8B89152E0B7E} = {D8C0A1F2-35DD-3BE9-B586-EEB39A7F62DB}
		{2E22D53F-BF3A-4793-98C2-CC2B4150102F} = {D8C0A1F2-35DD-3BE9-B586-EEB39A7F62DB}
		{CBE535C5-B51A-60E9-4D99-AC1BFAA908A1} = {827E0CD3-B72D-47B6-A68D-7590B98EB39B}
		{0B5D3108-DC6B-4D45-B0FB-FB86A4FB46B5} = {CBE535C5-B51A-60E9-4D99-AC1BFAA908A1}
		{4E76B09C-82CD-4132-8CD5-DFF25CB62207} = {0C88DD14-F956-CE84-757C-A364CCF449FC}
		{CB0EFE0D-9C43-4931-97FB-145A7FCCAE47} = {0C88DD14-F956-CE84-757C-A364CCF449FC}
		{56E3D39F-E20E-457E-A867-0CD92448EEEB} = {0C88DD14-F956-CE84-757C-A364CCF449FC}
		{DCB6FCB8-FF92-AC57-0842-1F72A354D6B1} = {827E0CD3-B72D-47B6-A68D-7590B98EB39B}
		{27CDF0CE-3479-921D-540B-CCD94BF67A57} = {DCB6FCB8-FF92-AC57-0842-1F72A354D6B1}
		{B98269C7-826E-41D6-BB00-14712FE8E870} = {27CDF0CE-3479-921D-540B-CCD94BF67A57}
	EndGlobalSection
EndGlobal
